
Microsoft Visual Studio Solution File, Format Version 12.00
# Visual Studio Version 16
VisualStudioVersion = 16.0.33027.164
MinimumVisualStudioVersion = 10.0.40219.1
Project("{FAE04EC0-301F-11D3-BF4B-00C04F79EFBC}") = "Drone", "Drone.csproj", "{A30CD265-8181-4C43-B93E-4C2A180F915C}"
EndProject
Global
	GlobalSection(SolutionConfigurationPlatforms) = preSolution
		Debug|Any CPU = Debug|Any CPU
		Release|Any CPU = Release|Any CPU
	EndGlobalSection
	GlobalSection(ProjectConfigurationPlatforms) = postSolution
		{A30CD265-8181-4C43-B93E-4C2A180F915C}.Debug|Any CPU.ActiveCfg = Debug|Any CPU
		{A30CD265-8181-4C43-B93E-4C2A180F915C}.Debug|Any CPU.Build.0 = Debug|Any CPU
		{A30CD265-8181-4C43-B93E-4C2A180F915C}.Release|Any CPU.ActiveCfg = Release|Any CPU
		{A30CD265-8181-4C43-B93E-4C2A180F915C}.Release|Any CPU.Build.0 = Release|Any CPU
	EndGlobalSection
	GlobalSection(SolutionProperties) = preSolution
		HideSolutionNode = FALSE
	EndGlobalSection
	GlobalSection(ExtensibilityGlobals) = postSolution
		SolutionGuid = {AEECF590-6714-49AD-8ECE-3B887406F3F6}
	EndGlobalSection
EndGlobal
